// !$*UTF8*$!
{
	archiveVersion = 1;
	classes = {
	};
	objectVersion = 51;
	objects = {

/* Begin PBXBuildFile section */
		1137B47D9DABF188046646AB /* Pods_CatsFacts_CatsFactsUITests.framework in Frameworks */ = {isa = PBXBuildFile; fileRef = 069BC13E93DCAA9C0B40568B /* Pods_CatsFacts_CatsFactsUITests.framework */; };
		8C35F244031537A5831EE23A /* Pods_CatsFactsTests.framework in Frameworks */ = {isa = PBXBuildFile; fileRef = 68CB82B3DF63FA8C733EDD9F /* Pods_CatsFactsTests.framework */; };
		8E4A6273A34C747D95AF3D38 /* Pods_CatsFacts.framework in Frameworks */ = {isa = PBXBuildFile; fileRef = B13E93A9BB4D0D2370BDD05E /* Pods_CatsFacts.framework */; };
		AE1952EE25D6C20300924B0F /* DialogViewController.swift in Sources */ = {isa = PBXBuildFile; fileRef = AE1952ED25D6C20300924B0F /* DialogViewController.swift */; };
		AE1952F325D6C2B800924B0F /* DialogModel.swift in Sources */ = {isa = PBXBuildFile; fileRef = AE1952F225D6C2B800924B0F /* DialogModel.swift */; };
		AE35D37B25D68B350072E121 /* CatsFactsDataModel.xcdatamodeld in Sources */ = {isa = PBXBuildFile; fileRef = AE35D37925D68B350072E121 /* CatsFactsDataModel.xcdatamodeld */; };
		AE35D3C525D68C570072E121 /* CoreDataStack.swift in Sources */ = {isa = PBXBuildFile; fileRef = AE35D3C425D68C570072E121 /* CoreDataStack.swift */; };
		AE35D3D525D68D880072E121 /* Fact+CoreDataClass.swift in Sources */ = {isa = PBXBuildFile; fileRef = AE35D3D325D68D880072E121 /* Fact+CoreDataClass.swift */; };
		AE35D3DF25D6919D0072E121 /* DataBase.swift in Sources */ = {isa = PBXBuildFile; fileRef = AE35D3DE25D6919D0072E121 /* DataBase.swift */; };
		AE35D3E625D6A3700072E121 /* DataDownloader.swift in Sources */ = {isa = PBXBuildFile; fileRef = AE35D3E525D6A3700072E121 /* DataDownloader.swift */; };
		AE35D3EB25D6A3DC0072E121 /* FactResponseModel.swift in Sources */ = {isa = PBXBuildFile; fileRef = AE35D3EA25D6A3DC0072E121 /* FactResponseModel.swift */; };
		AE35D40825D6A9F90072E121 /* UIImage+Compress.swift in Sources */ = {isa = PBXBuildFile; fileRef = AE35D40725D6A9F90072E121 /* UIImage+Compress.swift */; };
		AE5FCD9525D5C80F00FF06D3 /* FactCellModel.swift in Sources */ = {isa = PBXBuildFile; fileRef = AE5FCD9425D5C80F00FF06D3 /* FactCellModel.swift */; };
		AE74DB8925D5D4CD00DE094E /* NetworkService.swift in Sources */ = {isa = PBXBuildFile; fileRef = AE74DB8825D5D4CD00DE094E /* NetworkService.swift */; };
		AE74DB8F25D5D51600DE094E /* App.swift in Sources */ = {isa = PBXBuildFile; fileRef = AE74DB8E25D5D51600DE094E /* App.swift */; };
		AE74DB9525D5D56600DE094E /* CoreNetwork.swift in Sources */ = {isa = PBXBuildFile; fileRef = AE74DB9425D5D56600DE094E /* CoreNetwork.swift */; };
		AE74DB9D25D5D59E00DE094E /* ResponseModel.swift in Sources */ = {isa = PBXBuildFile; fileRef = AE74DB9C25D5D59E00DE094E /* ResponseModel.swift */; };
		AE74DBA225D5D5A500DE094E /* RequestModel.swift in Sources */ = {isa = PBXBuildFile; fileRef = AE74DBA125D5D5A500DE094E /* RequestModel.swift */; };
		AE74DBA725D5D7A000DE094E /* NetworkRouter.swift in Sources */ = {isa = PBXBuildFile; fileRef = AE74DBA625D5D7A000DE094E /* NetworkRouter.swift */; };
		AE76FADA25D5A59900F62A96 /* FactsView.swift in Sources */ = {isa = PBXBuildFile; fileRef = AE76FAD925D5A59900F62A96 /* FactsView.swift */; };
		AE76FADF25D5A59E00F62A96 /* FactsPresenter.swift in Sources */ = {isa = PBXBuildFile; fileRef = AE76FADE25D5A59E00F62A96 /* FactsPresenter.swift */; };
		AE76FAE425D5A5A600F62A96 /* FactsInteractor.swift in Sources */ = {isa = PBXBuildFile; fileRef = AE76FAE325D5A5A600F62A96 /* FactsInteractor.swift */; };
		AE76FAE925D5A5AC00F62A96 /* FactsRouter.swift in Sources */ = {isa = PBXBuildFile; fileRef = AE76FAE825D5A5AC00F62A96 /* FactsRouter.swift */; };
		AE76FB0325D5A9E400F62A96 /* FactCell.swift in Sources */ = {isa = PBXBuildFile; fileRef = AE76FB0225D5A9E400F62A96 /* FactCell.swift */; };
		AE76FB0B25D5AA0700F62A96 /* FactCell.xib in Resources */ = {isa = PBXBuildFile; fileRef = AE76FB0A25D5AA0700F62A96 /* FactCell.xib */; };
		AE76FB1025D5C65300F62A96 /* FactsDataSource.swift in Sources */ = {isa = PBXBuildFile; fileRef = AE76FB0F25D5C65300F62A96 /* FactsDataSource.swift */; };
		AE85C84A25D597080032D653 /* AppDelegate.swift in Sources */ = {isa = PBXBuildFile; fileRef = AE85C84925D597080032D653 /* AppDelegate.swift */; };
		AE85C84C25D597080032D653 /* SceneDelegate.swift in Sources */ = {isa = PBXBuildFile; fileRef = AE85C84B25D597080032D653 /* SceneDelegate.swift */; };
		AE85C85125D597080032D653 /* Main.storyboard in Resources */ = {isa = PBXBuildFile; fileRef = AE85C84F25D597080032D653 /* Main.storyboard */; };
		AE85C85325D5970B0032D653 /* Assets.xcassets in Resources */ = {isa = PBXBuildFile; fileRef = AE85C85225D5970B0032D653 /* Assets.xcassets */; };
		AE85C85625D5970B0032D653 /* LaunchScreen.storyboard in Resources */ = {isa = PBXBuildFile; fileRef = AE85C85425D5970B0032D653 /* LaunchScreen.storyboard */; };
		AE85C86125D5970B0032D653 /* CatsFactsTests.swift in Sources */ = {isa = PBXBuildFile; fileRef = AE85C86025D5970B0032D653 /* CatsFactsTests.swift */; };
		AE85C86C25D5970B0032D653 /* CatsFactsUITests.swift in Sources */ = {isa = PBXBuildFile; fileRef = AE85C86B25D5970B0032D653 /* CatsFactsUITests.swift */; };
		AE85C88125D5971F0032D653 /* View.swift in Sources */ = {isa = PBXBuildFile; fileRef = AE85C88025D5971F0032D653 /* View.swift */; };
		AE85C88625D597260032D653 /* Presenter.swift in Sources */ = {isa = PBXBuildFile; fileRef = AE85C88525D597260032D653 /* Presenter.swift */; };
		AE85C88B25D597330032D653 /* Router.swift in Sources */ = {isa = PBXBuildFile; fileRef = AE85C88A25D597330032D653 /* Router.swift */; };
		AE85C89025D5973C0032D653 /* Interactor.swift in Sources */ = {isa = PBXBuildFile; fileRef = AE85C88F25D5973C0032D653 /* Interactor.swift */; };
		AE85C89625D597D10032D653 /* HomeView.swift in Sources */ = {isa = PBXBuildFile; fileRef = AE85C89525D597D10032D653 /* HomeView.swift */; };
		AE85C89B25D598070032D653 /* HomePresenter.swift in Sources */ = {isa = PBXBuildFile; fileRef = AE85C89A25D598070032D653 /* HomePresenter.swift */; };
		AE85C8A025D598460032D653 /* HomeInteractor.swift in Sources */ = {isa = PBXBuildFile; fileRef = AE85C89F25D598460032D653 /* HomeInteractor.swift */; };
		AE85C8A525D5985B0032D653 /* HomeRouter.swift in Sources */ = {isa = PBXBuildFile; fileRef = AE85C8A425D5985B0032D653 /* HomeRouter.swift */; };
		AEB611A325D5DB24004D1E13 /* DataParser.swift in Sources */ = {isa = PBXBuildFile; fileRef = AEB611A225D5DB24004D1E13 /* DataParser.swift */; };
		AEB611AA25D5E066004D1E13 /* ImageDownloadService.swift in Sources */ = {isa = PBXBuildFile; fileRef = AEB611A925D5E066004D1E13 /* ImageDownloadService.swift */; };
		AEB611B925D5E16E004D1E13 /* PendingDownloadOperations.swift in Sources */ = {isa = PBXBuildFile; fileRef = AEB611B825D5E16E004D1E13 /* PendingDownloadOperations.swift */; };
		AEB611C125D5E201004D1E13 /* ImageDownloader.swift in Sources */ = {isa = PBXBuildFile; fileRef = AEB611C025D5E201004D1E13 /* ImageDownloader.swift */; };
		AEB611CF25D5E4F9004D1E13 /* ImageURLResponseModel.swift in Sources */ = {isa = PBXBuildFile; fileRef = AEB611CE25D5E4F9004D1E13 /* ImageURLResponseModel.swift */; };
/* End PBXBuildFile section */

/* Begin PBXContainerItemProxy section */
		AE85C85D25D5970B0032D653 /* PBXContainerItemProxy */ = {
			isa = PBXContainerItemProxy;
			containerPortal = AE85C83E25D597080032D653 /* Project object */;
			proxyType = 1;
			remoteGlobalIDString = AE85C84525D597080032D653;
			remoteInfo = CatsFacts;
		};
		AE85C86825D5970B0032D653 /* PBXContainerItemProxy */ = {
			isa = PBXContainerItemProxy;
			containerPortal = AE85C83E25D597080032D653 /* Project object */;
			proxyType = 1;
			remoteGlobalIDString = AE85C84525D597080032D653;
			remoteInfo = CatsFacts;
		};
/* End PBXContainerItemProxy section */

/* Begin PBXFileReference section */
		069BC13E93DCAA9C0B40568B /* Pods_CatsFacts_CatsFactsUITests.framework */ = {isa = PBXFileReference; explicitFileType = wrapper.framework; includeInIndex = 0; path = Pods_CatsFacts_CatsFactsUITests.framework; sourceTree = BUILT_PRODUCTS_DIR; };
		0B93A102E472420FB521D0CE /* Pods-CatsFacts-CatsFactsUITests.release.xcconfig */ = {isa = PBXFileReference; includeInIndex = 1; lastKnownFileType = text.xcconfig; name = "Pods-CatsFacts-CatsFactsUITests.release.xcconfig"; path = "Target Support Files/Pods-CatsFacts-CatsFactsUITests/Pods-CatsFacts-CatsFactsUITests.release.xcconfig"; sourceTree = "<group>"; };
		2D29C8B48170C1A3834FEE3F /* Pods-CatsFacts-CatsFactsUITests.debug.xcconfig */ = {isa = PBXFileReference; includeInIndex = 1; lastKnownFileType = text.xcconfig; name = "Pods-CatsFacts-CatsFactsUITests.debug.xcconfig"; path = "Target Support Files/Pods-CatsFacts-CatsFactsUITests/Pods-CatsFacts-CatsFactsUITests.debug.xcconfig"; sourceTree = "<group>"; };
		32DCE7FCFF83AA9284FE7E4C /* Pods-CatsFactsTests.debug.xcconfig */ = {isa = PBXFileReference; includeInIndex = 1; lastKnownFileType = text.xcconfig; name = "Pods-CatsFactsTests.debug.xcconfig"; path = "Target Support Files/Pods-CatsFactsTests/Pods-CatsFactsTests.debug.xcconfig"; sourceTree = "<group>"; };
		4C72377C0230DD0D29813727 /* Pods-CatsFacts.debug.xcconfig */ = {isa = PBXFileReference; includeInIndex = 1; lastKnownFileType = text.xcconfig; name = "Pods-CatsFacts.debug.xcconfig"; path = "Target Support Files/Pods-CatsFacts/Pods-CatsFacts.debug.xcconfig"; sourceTree = "<group>"; };
		68CB82B3DF63FA8C733EDD9F /* Pods_CatsFactsTests.framework */ = {isa = PBXFileReference; explicitFileType = wrapper.framework; includeInIndex = 0; path = Pods_CatsFactsTests.framework; sourceTree = BUILT_PRODUCTS_DIR; };
		AE1952ED25D6C20300924B0F /* DialogViewController.swift */ = {isa = PBXFileReference; lastKnownFileType = sourcecode.swift; path = DialogViewController.swift; sourceTree = "<group>"; };
		AE1952F225D6C2B800924B0F /* DialogModel.swift */ = {isa = PBXFileReference; lastKnownFileType = sourcecode.swift; path = DialogModel.swift; sourceTree = "<group>"; };
		AE35D37A25D68B350072E121 /* CatsFactsDataModel.xcdatamodel */ = {isa = PBXFileReference; lastKnownFileType = wrapper.xcdatamodel; path = CatsFactsDataModel.xcdatamodel; sourceTree = "<group>"; };
		AE35D3C425D68C570072E121 /* CoreDataStack.swift */ = {isa = PBXFileReference; lastKnownFileType = sourcecode.swift; path = CoreDataStack.swift; sourceTree = "<group>"; };
		AE35D3D325D68D880072E121 /* Fact+CoreDataClass.swift */ = {isa = PBXFileReference; lastKnownFileType = sourcecode.swift; path = "Fact+CoreDataClass.swift"; sourceTree = SOURCE_ROOT; };
		AE35D3DE25D6919D0072E121 /* DataBase.swift */ = {isa = PBXFileReference; lastKnownFileType = sourcecode.swift; path = DataBase.swift; sourceTree = "<group>"; };
		AE35D3E525D6A3700072E121 /* DataDownloader.swift */ = {isa = PBXFileReference; lastKnownFileType = sourcecode.swift; path = DataDownloader.swift; sourceTree = "<group>"; };
		AE35D3EA25D6A3DC0072E121 /* FactResponseModel.swift */ = {isa = PBXFileReference; lastKnownFileType = sourcecode.swift; path = FactResponseModel.swift; sourceTree = "<group>"; };
		AE35D40725D6A9F90072E121 /* UIImage+Compress.swift */ = {isa = PBXFileReference; lastKnownFileType = sourcecode.swift; path = "UIImage+Compress.swift"; sourceTree = "<group>"; };
		AE5FCD9425D5C80F00FF06D3 /* FactCellModel.swift */ = {isa = PBXFileReference; lastKnownFileType = sourcecode.swift; path = FactCellModel.swift; sourceTree = "<group>"; };
		AE74DB8825D5D4CD00DE094E /* NetworkService.swift */ = {isa = PBXFileReference; lastKnownFileType = sourcecode.swift; path = NetworkService.swift; sourceTree = "<group>"; };
		AE74DB8E25D5D51600DE094E /* App.swift */ = {isa = PBXFileReference; lastKnownFileType = sourcecode.swift; path = App.swift; sourceTree = "<group>"; };
		AE74DB9425D5D56600DE094E /* CoreNetwork.swift */ = {isa = PBXFileReference; lastKnownFileType = sourcecode.swift; path = CoreNetwork.swift; sourceTree = "<group>"; };
		AE74DB9C25D5D59E00DE094E /* ResponseModel.swift */ = {isa = PBXFileReference; lastKnownFileType = sourcecode.swift; path = ResponseModel.swift; sourceTree = "<group>"; };
		AE74DBA125D5D5A500DE094E /* RequestModel.swift */ = {isa = PBXFileReference; lastKnownFileType = sourcecode.swift; path = RequestModel.swift; sourceTree = "<group>"; };
		AE74DBA625D5D7A000DE094E /* NetworkRouter.swift */ = {isa = PBXFileReference; lastKnownFileType = sourcecode.swift; path = NetworkRouter.swift; sourceTree = "<group>"; };
		AE76FAD925D5A59900F62A96 /* FactsView.swift */ = {isa = PBXFileReference; lastKnownFileType = sourcecode.swift; path = FactsView.swift; sourceTree = "<group>"; };
		AE76FADE25D5A59E00F62A96 /* FactsPresenter.swift */ = {isa = PBXFileReference; lastKnownFileType = sourcecode.swift; path = FactsPresenter.swift; sourceTree = "<group>"; };
		AE76FAE325D5A5A600F62A96 /* FactsInteractor.swift */ = {isa = PBXFileReference; lastKnownFileType = sourcecode.swift; path = FactsInteractor.swift; sourceTree = "<group>"; };
		AE76FAE825D5A5AC00F62A96 /* FactsRouter.swift */ = {isa = PBXFileReference; lastKnownFileType = sourcecode.swift; path = FactsRouter.swift; sourceTree = "<group>"; };
		AE76FB0225D5A9E400F62A96 /* FactCell.swift */ = {isa = PBXFileReference; lastKnownFileType = sourcecode.swift; path = FactCell.swift; sourceTree = "<group>"; };
		AE76FB0A25D5AA0700F62A96 /* FactCell.xib */ = {isa = PBXFileReference; lastKnownFileType = file.xib; path = FactCell.xib; sourceTree = "<group>"; };
		AE76FB0F25D5C65300F62A96 /* FactsDataSource.swift */ = {isa = PBXFileReference; lastKnownFileType = sourcecode.swift; path = FactsDataSource.swift; sourceTree = "<group>"; };
		AE85C84625D597080032D653 /* CatsFacts.app */ = {isa = PBXFileReference; explicitFileType = wrapper.application; includeInIndex = 0; path = CatsFacts.app; sourceTree = BUILT_PRODUCTS_DIR; };
		AE85C84925D597080032D653 /* AppDelegate.swift */ = {isa = PBXFileReference; lastKnownFileType = sourcecode.swift; path = AppDelegate.swift; sourceTree = "<group>"; };
		AE85C84B25D597080032D653 /* SceneDelegate.swift */ = {isa = PBXFileReference; lastKnownFileType = sourcecode.swift; path = SceneDelegate.swift; sourceTree = "<group>"; };
		AE85C85025D597080032D653 /* Base */ = {isa = PBXFileReference; lastKnownFileType = file.storyboard; name = Base; path = Base.lproj/Main.storyboard; sourceTree = "<group>"; };
		AE85C85225D5970B0032D653 /* Assets.xcassets */ = {isa = PBXFileReference; lastKnownFileType = folder.assetcatalog; path = Assets.xcassets; sourceTree = "<group>"; };
		AE85C85525D5970B0032D653 /* Base */ = {isa = PBXFileReference; lastKnownFileType = file.storyboard; name = Base; path = Base.lproj/LaunchScreen.storyboard; sourceTree = "<group>"; };
		AE85C85725D5970B0032D653 /* Info.plist */ = {isa = PBXFileReference; lastKnownFileType = text.plist.xml; path = Info.plist; sourceTree = "<group>"; };
		AE85C85C25D5970B0032D653 /* CatsFactsTests.xctest */ = {isa = PBXFileReference; explicitFileType = wrapper.cfbundle; includeInIndex = 0; path = CatsFactsTests.xctest; sourceTree = BUILT_PRODUCTS_DIR; };
		AE85C86025D5970B0032D653 /* CatsFactsTests.swift */ = {isa = PBXFileReference; lastKnownFileType = sourcecode.swift; path = CatsFactsTests.swift; sourceTree = "<group>"; };
		AE85C86225D5970B0032D653 /* Info.plist */ = {isa = PBXFileReference; lastKnownFileType = text.plist.xml; path = Info.plist; sourceTree = "<group>"; };
		AE85C86725D5970B0032D653 /* CatsFactsUITests.xctest */ = {isa = PBXFileReference; explicitFileType = wrapper.cfbundle; includeInIndex = 0; path = CatsFactsUITests.xctest; sourceTree = BUILT_PRODUCTS_DIR; };
		AE85C86B25D5970B0032D653 /* CatsFactsUITests.swift */ = {isa = PBXFileReference; lastKnownFileType = sourcecode.swift; path = CatsFactsUITests.swift; sourceTree = "<group>"; };
		AE85C86D25D5970B0032D653 /* Info.plist */ = {isa = PBXFileReference; lastKnownFileType = text.plist.xml; path = Info.plist; sourceTree = "<group>"; };
		AE85C88025D5971F0032D653 /* View.swift */ = {isa = PBXFileReference; lastKnownFileType = sourcecode.swift; path = View.swift; sourceTree = "<group>"; };
		AE85C88525D597260032D653 /* Presenter.swift */ = {isa = PBXFileReference; lastKnownFileType = sourcecode.swift; path = Presenter.swift; sourceTree = "<group>"; };
		AE85C88A25D597330032D653 /* Router.swift */ = {isa = PBXFileReference; lastKnownFileType = sourcecode.swift; path = Router.swift; sourceTree = "<group>"; };
		AE85C88F25D5973C0032D653 /* Interactor.swift */ = {isa = PBXFileReference; lastKnownFileType = sourcecode.swift; path = Interactor.swift; sourceTree = "<group>"; };
		AE85C89525D597D10032D653 /* HomeView.swift */ = {isa = PBXFileReference; lastKnownFileType = sourcecode.swift; path = HomeView.swift; sourceTree = "<group>"; };
		AE85C89A25D598070032D653 /* HomePresenter.swift */ = {isa = PBXFileReference; lastKnownFileType = sourcecode.swift; path = HomePresenter.swift; sourceTree = "<group>"; };
		AE85C89F25D598460032D653 /* HomeInteractor.swift */ = {isa = PBXFileReference; lastKnownFileType = sourcecode.swift; path = HomeInteractor.swift; sourceTree = "<group>"; };
		AE85C8A425D5985B0032D653 /* HomeRouter.swift */ = {isa = PBXFileReference; lastKnownFileType = sourcecode.swift; path = HomeRouter.swift; sourceTree = "<group>"; };
		AEB611A225D5DB24004D1E13 /* DataParser.swift */ = {isa = PBXFileReference; lastKnownFileType = sourcecode.swift; path = DataParser.swift; sourceTree = "<group>"; };
		AEB611A925D5E066004D1E13 /* ImageDownloadService.swift */ = {isa = PBXFileReference; lastKnownFileType = sourcecode.swift; path = ImageDownloadService.swift; sourceTree = "<group>"; };
		AEB611B825D5E16E004D1E13 /* PendingDownloadOperations.swift */ = {isa = PBXFileReference; lastKnownFileType = sourcecode.swift; path = PendingDownloadOperations.swift; sourceTree = "<group>"; };
		AEB611C025D5E201004D1E13 /* ImageDownloader.swift */ = {isa = PBXFileReference; lastKnownFileType = sourcecode.swift; path = ImageDownloader.swift; sourceTree = "<group>"; };
		AEB611CE25D5E4F9004D1E13 /* ImageURLResponseModel.swift */ = {isa = PBXFileReference; lastKnownFileType = sourcecode.swift; path = ImageURLResponseModel.swift; sourceTree = "<group>"; };
		B13E93A9BB4D0D2370BDD05E /* Pods_CatsFacts.framework */ = {isa = PBXFileReference; explicitFileType = wrapper.framework; includeInIndex = 0; path = Pods_CatsFacts.framework; sourceTree = BUILT_PRODUCTS_DIR; };
		C810BDA780A1127A5E3DA931 /* Pods-CatsFactsTests.release.xcconfig */ = {isa = PBXFileReference; includeInIndex = 1; lastKnownFileType = text.xcconfig; name = "Pods-CatsFactsTests.release.xcconfig"; path = "Target Support Files/Pods-CatsFactsTests/Pods-CatsFactsTests.release.xcconfig"; sourceTree = "<group>"; };
		E6549EFCE0E172F4E986963B /* Pods-CatsFacts.release.xcconfig */ = {isa = PBXFileReference; includeInIndex = 1; lastKnownFileType = text.xcconfig; name = "Pods-CatsFacts.release.xcconfig"; path = "Target Support Files/Pods-CatsFacts/Pods-CatsFacts.release.xcconfig"; sourceTree = "<group>"; };
/* End PBXFileReference section */

/* Begin PBXFrameworksBuildPhase section */
		AE85C84325D597080032D653 /* Frameworks */ = {
			isa = PBXFrameworksBuildPhase;
			buildActionMask = 2147483647;
			files = (
				8E4A6273A34C747D95AF3D38 /* Pods_CatsFacts.framework in Frameworks */,
			);
			runOnlyForDeploymentPostprocessing = 0;
		};
		AE85C85925D5970B0032D653 /* Frameworks */ = {
			isa = PBXFrameworksBuildPhase;
			buildActionMask = 2147483647;
			files = (
				8C35F244031537A5831EE23A /* Pods_CatsFactsTests.framework in Frameworks */,
			);
			runOnlyForDeploymentPostprocessing = 0;
		};
		AE85C86425D5970B0032D653 /* Frameworks */ = {
			isa = PBXFrameworksBuildPhase;
			buildActionMask = 2147483647;
			files = (
				1137B47D9DABF188046646AB /* Pods_CatsFacts_CatsFactsUITests.framework in Frameworks */,
			);
			runOnlyForDeploymentPostprocessing = 0;
		};
/* End PBXFrameworksBuildPhase section */

/* Begin PBXGroup section */
		AE1952E925D6C10600924B0F /* Dialog */ = {
			isa = PBXGroup;
			children = (
				AE1952ED25D6C20300924B0F /* DialogViewController.swift */,
				AE1952F225D6C2B800924B0F /* DialogModel.swift */,
			);
			path = Dialog;
			sourceTree = "<group>";
		};
		AE35D37425D688D60072E121 /* DataBase */ = {
			isa = PBXGroup;
			children = (
				AE35D3DD25D691940072E121 /* DataBase */,
				AE35D3C325D68C400072E121 /* CoreDataStack */,
				AE35D38025D68B7B0072E121 /* Entity */,
				AE35D37825D68B1D0072E121 /* DataModel */,
			);
			path = DataBase;
			sourceTree = "<group>";
		};
		AE35D37825D68B1D0072E121 /* DataModel */ = {
			isa = PBXGroup;
			children = (
				AE35D37925D68B350072E121 /* CatsFactsDataModel.xcdatamodeld */,
			);
			path = DataModel;
			sourceTree = "<group>";
		};
		AE35D38025D68B7B0072E121 /* Entity */ = {
			isa = PBXGroup;
			children = (
				AE35D3D325D68D880072E121 /* Fact+CoreDataClass.swift */,
			);
			path = Entity;
			sourceTree = "<group>";
		};
		AE35D3C325D68C400072E121 /* CoreDataStack */ = {
			isa = PBXGroup;
			children = (
				AE35D3C425D68C570072E121 /* CoreDataStack.swift */,
			);
			path = CoreDataStack;
			sourceTree = "<group>";
		};
		AE35D3DD25D691940072E121 /* DataBase */ = {
			isa = PBXGroup;
			children = (
				AE35D3DE25D6919D0072E121 /* DataBase.swift */,
			);
			path = DataBase;
			sourceTree = "<group>";
		};
		AE35D3E425D6A3590072E121 /* DataDownloader */ = {
			isa = PBXGroup;
			children = (
				AE35D3E525D6A3700072E121 /* DataDownloader.swift */,
			);
			path = DataDownloader;
			sourceTree = "<group>";
		};
		AE35D40625D6A9E70072E121 /* Extensions */ = {
			isa = PBXGroup;
			children = (
				AE35D40725D6A9F90072E121 /* UIImage+Compress.swift */,
			);
			path = Extensions;
			sourceTree = "<group>";
		};
		AE5FCD9C25D5C87500FF06D3 /* Model */ = {
			isa = PBXGroup;
			children = (
				AE5FCD9425D5C80F00FF06D3 /* FactCellModel.swift */,
			);
			path = Model;
			sourceTree = "<group>";
		};
		AE5FCD9D25D5C88300FF06D3 /* View */ = {
			isa = PBXGroup;
			children = (
				AE76FB0225D5A9E400F62A96 /* FactCell.swift */,
				AE76FB0A25D5AA0700F62A96 /* FactCell.xib */,
			);
			path = View;
			sourceTree = "<group>";
		};
		AE74DB8525D5D48900DE094E /* Service */ = {
			isa = PBXGroup;
			children = (
				AE35D37425D688D60072E121 /* DataBase */,
				AE74DB8625D5D48E00DE094E /* Networking */,
			);
			path = Service;
			sourceTree = "<group>";
		};
		AE74DB8625D5D48E00DE094E /* Networking */ = {
			isa = PBXGroup;
			children = (
				AE35D3E425D6A3590072E121 /* DataDownloader */,
				AEB611A825D5E059004D1E13 /* ImageDownloadService */,
				AEB611B725D5E14D004D1E13 /* Network */,
			);
			path = Networking;
			sourceTree = "<group>";
		};
		AE74DB8D25D5D50C00DE094E /* Helper */ = {
			isa = PBXGroup;
			children = (
				AE74DB8E25D5D51600DE094E /* App.swift */,
			);
			path = Helper;
			sourceTree = "<group>";
		};
		AE74DB9325D5D55400DE094E /* Core */ = {
			isa = PBXGroup;
			children = (
				AE74DB9425D5D56600DE094E /* CoreNetwork.swift */,
				AE74DBA625D5D7A000DE094E /* NetworkRouter.swift */,
				AEB611A225D5DB24004D1E13 /* DataParser.swift */,
			);
			path = Core;
			sourceTree = "<group>";
		};
		AE74DB9925D5D58400DE094E /* Model */ = {
			isa = PBXGroup;
			children = (
				AEB611C525D5E4D2004D1E13 /* Implementation */,
				AE74DB9A25D5D58900DE094E /* Protocol */,
			);
			path = Model;
			sourceTree = "<group>";
		};
		AE74DB9A25D5D58900DE094E /* Protocol */ = {
			isa = PBXGroup;
			children = (
				AE74DB9C25D5D59E00DE094E /* ResponseModel.swift */,
				AE74DBA125D5D5A500DE094E /* RequestModel.swift */,
			);
			path = Protocol;
			sourceTree = "<group>";
		};
		AE76FAD825D5A58B00F62A96 /* Facts */ = {
			isa = PBXGroup;
			children = (
				AE76FAD925D5A59900F62A96 /* FactsView.swift */,
				AE76FADE25D5A59E00F62A96 /* FactsPresenter.swift */,
				AE76FAE325D5A5A600F62A96 /* FactsInteractor.swift */,
				AE76FAE825D5A5AC00F62A96 /* FactsRouter.swift */,
				AE76FB0F25D5C65300F62A96 /* FactsDataSource.swift */,
				AE76FB0125D5A9D200F62A96 /* Cell */,
			);
			path = Facts;
			sourceTree = "<group>";
		};
		AE76FAF925D5A97100F62A96 /* View */ = {
			isa = PBXGroup;
			children = (
				AE1952E925D6C10600924B0F /* Dialog */,
				AE76FAD825D5A58B00F62A96 /* Facts */,
				AE85C89425D597BD0032D653 /* Home */,
				AE85C87C25D597170032D653 /* VIPER */,
			);
			path = View;
			sourceTree = "<group>";
		};
		AE76FB0125D5A9D200F62A96 /* Cell */ = {
			isa = PBXGroup;
			children = (
				AE5FCD9D25D5C88300FF06D3 /* View */,
				AE5FCD9C25D5C87500FF06D3 /* Model */,
			);
			path = Cell;
			sourceTree = "<group>";
		};
		AE85C83D25D597080032D653 = {
			isa = PBXGroup;
			children = (
				AE85C84825D597080032D653 /* CatsFacts */,
				AE85C85F25D5970B0032D653 /* CatsFactsTests */,
				AE85C86A25D5970B0032D653 /* CatsFactsUITests */,
				AE85C84725D597080032D653 /* Products */,
				EB75F33E8A3B241ADD0D4D15 /* Pods */,
				C392EF5AB19F32D68288C326 /* Frameworks */,
			);
			sourceTree = "<group>";
		};
		AE85C84725D597080032D653 /* Products */ = {
			isa = PBXGroup;
			children = (
				AE85C84625D597080032D653 /* CatsFacts.app */,
				AE85C85C25D5970B0032D653 /* CatsFactsTests.xctest */,
				AE85C86725D5970B0032D653 /* CatsFactsUITests.xctest */,
			);
			name = Products;
			sourceTree = "<group>";
		};
		AE85C84825D597080032D653 /* CatsFacts */ = {
			isa = PBXGroup;
			children = (
				AE74DB8D25D5D50C00DE094E /* Helper */,
				AE74DB8525D5D48900DE094E /* Service */,
				AE76FAF925D5A97100F62A96 /* View */,
				AE35D40625D6A9E70072E121 /* Extensions */,
				AE85C84925D597080032D653 /* AppDelegate.swift */,
				AE85C84B25D597080032D653 /* SceneDelegate.swift */,
				AE85C84F25D597080032D653 /* Main.storyboard */,
				AE85C85225D5970B0032D653 /* Assets.xcassets */,
				AE85C85425D5970B0032D653 /* LaunchScreen.storyboard */,
				AE85C85725D5970B0032D653 /* Info.plist */,
			);
			path = CatsFacts;
			sourceTree = "<group>";
		};
		AE85C85F25D5970B0032D653 /* CatsFactsTests */ = {
			isa = PBXGroup;
			children = (
				AE85C86025D5970B0032D653 /* CatsFactsTests.swift */,
				AE85C86225D5970B0032D653 /* Info.plist */,
			);
			path = CatsFactsTests;
			sourceTree = "<group>";
		};
		AE85C86A25D5970B0032D653 /* CatsFactsUITests */ = {
			isa = PBXGroup;
			children = (
				AE85C86B25D5970B0032D653 /* CatsFactsUITests.swift */,
				AE85C86D25D5970B0032D653 /* Info.plist */,
			);
			path = CatsFactsUITests;
			sourceTree = "<group>";
		};
		AE85C87C25D597170032D653 /* VIPER */ = {
			isa = PBXGroup;
			children = (
				AE85C88025D5971F0032D653 /* View.swift */,
				AE85C88525D597260032D653 /* Presenter.swift */,
				AE85C88F25D5973C0032D653 /* Interactor.swift */,
				AE85C88A25D597330032D653 /* Router.swift */,
			);
			path = VIPER;
			sourceTree = "<group>";
		};
		AE85C89425D597BD0032D653 /* Home */ = {
			isa = PBXGroup;
			children = (
				AE85C89525D597D10032D653 /* HomeView.swift */,
				AE85C89A25D598070032D653 /* HomePresenter.swift */,
				AE85C89F25D598460032D653 /* HomeInteractor.swift */,
				AE85C8A425D5985B0032D653 /* HomeRouter.swift */,
			);
			path = Home;
			sourceTree = "<group>";
		};
		AEB611A725D5E050004D1E13 /* NetworkService */ = {
			isa = PBXGroup;
			children = (
				AE74DB8825D5D4CD00DE094E /* NetworkService.swift */,
			);
			path = NetworkService;
			sourceTree = "<group>";
		};
		AEB611A825D5E059004D1E13 /* ImageDownloadService */ = {
			isa = PBXGroup;
			children = (
				AEB611A925D5E066004D1E13 /* ImageDownloadService.swift */,
				AEB611B825D5E16E004D1E13 /* PendingDownloadOperations.swift */,
				AEB611C025D5E201004D1E13 /* ImageDownloader.swift */,
			);
			path = ImageDownloadService;
			sourceTree = "<group>";
		};
		AEB611B725D5E14D004D1E13 /* Network */ = {
			isa = PBXGroup;
			children = (
				AEB611A725D5E050004D1E13 /* NetworkService */,
				AE74DB9925D5D58400DE094E /* Model */,
				AE74DB9325D5D55400DE094E /* Core */,
			);
			path = Network;
			sourceTree = "<group>";
		};
		AEB611C525D5E4D2004D1E13 /* Implementation */ = {
			isa = PBXGroup;
			children = (
				AEB611CE25D5E4F9004D1E13 /* ImageURLResponseModel.swift */,
				AE35D3EA25D6A3DC0072E121 /* FactResponseModel.swift */,
			);
			path = Implementation;
			sourceTree = "<group>";
		};
		C392EF5AB19F32D68288C326 /* Frameworks */ = {
			isa = PBXGroup;
			children = (
				B13E93A9BB4D0D2370BDD05E /* Pods_CatsFacts.framework */,
				069BC13E93DCAA9C0B40568B /* Pods_CatsFacts_CatsFactsUITests.framework */,
				68CB82B3DF63FA8C733EDD9F /* Pods_CatsFactsTests.framework */,
			);
			name = Frameworks;
			sourceTree = "<group>";
		};
		EB75F33E8A3B241ADD0D4D15 /* Pods */ = {
			isa = PBXGroup;
			children = (
				4C72377C0230DD0D29813727 /* Pods-CatsFacts.debug.xcconfig */,
				E6549EFCE0E172F4E986963B /* Pods-CatsFacts.release.xcconfig */,
				2D29C8B48170C1A3834FEE3F /* Pods-CatsFacts-CatsFactsUITests.debug.xcconfig */,
				0B93A102E472420FB521D0CE /* Pods-CatsFacts-CatsFactsUITests.release.xcconfig */,
				32DCE7FCFF83AA9284FE7E4C /* Pods-CatsFactsTests.debug.xcconfig */,
				C810BDA780A1127A5E3DA931 /* Pods-CatsFactsTests.release.xcconfig */,
			);
			path = Pods;
			sourceTree = "<group>";
		};
/* End PBXGroup section */

/* Begin PBXNativeTarget section */
		AE85C84525D597080032D653 /* CatsFacts */ = {
			isa = PBXNativeTarget;
			buildConfigurationList = AE85C87025D5970B0032D653 /* Build configuration list for PBXNativeTarget "CatsFacts" */;
			buildPhases = (
				BBB63B9EA69C2BAA16B45C39 /* [CP] Check Pods Manifest.lock */,
				AE85C84225D597080032D653 /* Sources */,
				AE85C84325D597080032D653 /* Frameworks */,
				AE85C84425D597080032D653 /* Resources */,
				6F4A7BD3F04BA6DA0EEDD9C4 /* [CP] Embed Pods Frameworks */,
			);
			buildRules = (
			);
			dependencies = (
			);
			name = CatsFacts;
			productName = CatsFacts;
			productReference = AE85C84625D597080032D653 /* CatsFacts.app */;
			productType = "com.apple.product-type.application";
		};
		AE85C85B25D5970B0032D653 /* CatsFactsTests */ = {
			isa = PBXNativeTarget;
			buildConfigurationList = AE85C87325D5970B0032D653 /* Build configuration list for PBXNativeTarget "CatsFactsTests" */;
			buildPhases = (
				5E22E0EDC57C7D66103892CB /* [CP] Check Pods Manifest.lock */,
				AE85C85825D5970B0032D653 /* Sources */,
				AE85C85925D5970B0032D653 /* Frameworks */,
				AE85C85A25D5970B0032D653 /* Resources */,
			);
			buildRules = (
			);
			dependencies = (
				AE85C85E25D5970B0032D653 /* PBXTargetDependency */,
			);
			name = CatsFactsTests;
			productName = CatsFactsTests;
			productReference = AE85C85C25D5970B0032D653 /* CatsFactsTests.xctest */;
			productType = "com.apple.product-type.bundle.unit-test";
		};
		AE85C86625D5970B0032D653 /* CatsFactsUITests */ = {
			isa = PBXNativeTarget;
			buildConfigurationList = AE85C87625D5970B0032D653 /* Build configuration list for PBXNativeTarget "CatsFactsUITests" */;
			buildPhases = (
				7F6BF01B34CBDF00F0EE16F2 /* [CP] Check Pods Manifest.lock */,
				AE85C86325D5970B0032D653 /* Sources */,
				AE85C86425D5970B0032D653 /* Frameworks */,
				AE85C86525D5970B0032D653 /* Resources */,
				76F2F1980B00E9CB8982F812 /* [CP] Embed Pods Frameworks */,
			);
			buildRules = (
			);
			dependencies = (
				AE85C86925D5970B0032D653 /* PBXTargetDependency */,
			);
			name = CatsFactsUITests;
			productName = CatsFactsUITests;
			productReference = AE85C86725D5970B0032D653 /* CatsFactsUITests.xctest */;
			productType = "com.apple.product-type.bundle.ui-testing";
		};
/* End PBXNativeTarget section */

/* Begin PBXProject section */
		AE85C83E25D597080032D653 /* Project object */ = {
			isa = PBXProject;
			attributes = {
				LastSwiftUpdateCheck = 1220;
				LastUpgradeCheck = 1220;
				TargetAttributes = {
					AE85C84525D597080032D653 = {
						CreatedOnToolsVersion = 12.2;
					};
					AE85C85B25D5970B0032D653 = {
						CreatedOnToolsVersion = 12.2;
						TestTargetID = AE85C84525D597080032D653;
					};
					AE85C86625D5970B0032D653 = {
						CreatedOnToolsVersion = 12.2;
						TestTargetID = AE85C84525D597080032D653;
					};
				};
			};
			buildConfigurationList = AE85C84125D597080032D653 /* Build configuration list for PBXProject "CatsFacts" */;
			compatibilityVersion = "Xcode 9.3";
			developmentRegion = en;
			hasScannedForEncodings = 0;
			knownRegions = (
				en,
				Base,
			);
			mainGroup = AE85C83D25D597080032D653;
			productRefGroup = AE85C84725D597080032D653 /* Products */;
			projectDirPath = "";
			projectRoot = "";
			targets = (
				AE85C84525D597080032D653 /* CatsFacts */,
				AE85C85B25D5970B0032D653 /* CatsFactsTests */,
				AE85C86625D5970B0032D653 /* CatsFactsUITests */,
			);
		};
/* End PBXProject section */

/* Begin PBXResourcesBuildPhase section */
		AE85C84425D597080032D653 /* Resources */ = {
			isa = PBXResourcesBuildPhase;
			buildActionMask = 2147483647;
			files = (
				AE85C85625D5970B0032D653 /* LaunchScreen.storyboard in Resources */,
				AE85C85325D5970B0032D653 /* Assets.xcassets in Resources */,
				AE85C85125D597080032D653 /* Main.storyboard in Resources */,
				AE76FB0B25D5AA0700F62A96 /* FactCell.xib in Resources */,
			);
			runOnlyForDeploymentPostprocessing = 0;
		};
		AE85C85A25D5970B0032D653 /* Resources */ = {
			isa = PBXResourcesBuildPhase;
			buildActionMask = 2147483647;
			files = (
			);
			runOnlyForDeploymentPostprocessing = 0;
		};
		AE85C86525D5970B0032D653 /* Resources */ = {
			isa = PBXResourcesBuildPhase;
			buildActionMask = 2147483647;
			files = (
			);
			runOnlyForDeploymentPostprocessing = 0;
		};
/* End PBXResourcesBuildPhase section */

/* Begin PBXShellScriptBuildPhase section */
		5E22E0EDC57C7D66103892CB /* [CP] Check Pods Manifest.lock */ = {
			isa = PBXShellScriptBuildPhase;
			buildActionMask = 2147483647;
			files = (
			);
			inputFileListPaths = (
			);
			inputPaths = (
				"${PODS_PODFILE_DIR_PATH}/Podfile.lock",
				"${PODS_ROOT}/Manifest.lock",
			);
			name = "[CP] Check Pods Manifest.lock";
			outputFileListPaths = (
			);
			outputPaths = (
				"$(DERIVED_FILE_DIR)/Pods-CatsFactsTests-checkManifestLockResult.txt",
			);
			runOnlyForDeploymentPostprocessing = 0;
			shellPath = /bin/sh;
			shellScript = "diff \"${PODS_PODFILE_DIR_PATH}/Podfile.lock\" \"${PODS_ROOT}/Manifest.lock\" > /dev/null\nif [ $? != 0 ] ; then\n    # print error to STDERR\n    echo \"error: The sandbox is not in sync with the Podfile.lock. Run 'pod install' or update your CocoaPods installation.\" >&2\n    exit 1\nfi\n# This output is used by Xcode 'outputs' to avoid re-running this script phase.\necho \"SUCCESS\" > \"${SCRIPT_OUTPUT_FILE_0}\"\n";
			showEnvVarsInLog = 0;
		};
		6F4A7BD3F04BA6DA0EEDD9C4 /* [CP] Embed Pods Frameworks */ = {
			isa = PBXShellScriptBuildPhase;
			buildActionMask = 2147483647;
			files = (
			);
			inputFileListPaths = (
				"${PODS_ROOT}/Target Support Files/Pods-CatsFacts/Pods-CatsFacts-frameworks-${CONFIGURATION}-input-files.xcfilelist",
			);
			name = "[CP] Embed Pods Frameworks";
			outputFileListPaths = (
				"${PODS_ROOT}/Target Support Files/Pods-CatsFacts/Pods-CatsFacts-frameworks-${CONFIGURATION}-output-files.xcfilelist",
			);
			runOnlyForDeploymentPostprocessing = 0;
			shellPath = /bin/sh;
			shellScript = "\"${PODS_ROOT}/Target Support Files/Pods-CatsFacts/Pods-CatsFacts-frameworks.sh\"\n";
			showEnvVarsInLog = 0;
		};
		76F2F1980B00E9CB8982F812 /* [CP] Embed Pods Frameworks */ = {
			isa = PBXShellScriptBuildPhase;
			buildActionMask = 2147483647;
			files = (
			);
			inputFileListPaths = (
				"${PODS_ROOT}/Target Support Files/Pods-CatsFacts-CatsFactsUITests/Pods-CatsFacts-CatsFactsUITests-frameworks-${CONFIGURATION}-input-files.xcfilelist",
			);
			name = "[CP] Embed Pods Frameworks";
			outputFileListPaths = (
				"${PODS_ROOT}/Target Support Files/Pods-CatsFacts-CatsFactsUITests/Pods-CatsFacts-CatsFactsUITests-frameworks-${CONFIGURATION}-output-files.xcfilelist",
			);
			runOnlyForDeploymentPostprocessing = 0;
			shellPath = /bin/sh;
			shellScript = "\"${PODS_ROOT}/Target Support Files/Pods-CatsFacts-CatsFactsUITests/Pods-CatsFacts-CatsFactsUITests-frameworks.sh\"\n";
			showEnvVarsInLog = 0;
		};
		7F6BF01B34CBDF00F0EE16F2 /* [CP] Check Pods Manifest.lock */ = {
			isa = PBXShellScriptBuildPhase;
			buildActionMask = 2147483647;
			files = (
			);
			inputFileListPaths = (
			);
			inputPaths = (
				"${PODS_PODFILE_DIR_PATH}/Podfile.lock",
				"${PODS_ROOT}/Manifest.lock",
			);
			name = "[CP] Check Pods Manifest.lock";
			outputFileListPaths = (
			);
			outputPaths = (
				"$(DERIVED_FILE_DIR)/Pods-CatsFacts-CatsFactsUITests-checkManifestLockResult.txt",
			);
			runOnlyForDeploymentPostprocessing = 0;
			shellPath = /bin/sh;
			shellScript = "diff \"${PODS_PODFILE_DIR_PATH}/Podfile.lock\" \"${PODS_ROOT}/Manifest.lock\" > /dev/null\nif [ $? != 0 ] ; then\n    # print error to STDERR\n    echo \"error: The sandbox is not in sync with the Podfile.lock. Run 'pod install' or update your CocoaPods installation.\" >&2\n    exit 1\nfi\n# This output is used by Xcode 'outputs' to avoid re-running this script phase.\necho \"SUCCESS\" > \"${SCRIPT_OUTPUT_FILE_0}\"\n";
			showEnvVarsInLog = 0;
		};
		BBB63B9EA69C2BAA16B45C39 /* [CP] Check Pods Manifest.lock */ = {
			isa = PBXShellScriptBuildPhase;
			buildActionMask = 2147483647;
			files = (
			);
			inputFileListPaths = (
			);
			inputPaths = (
				"${PODS_PODFILE_DIR_PATH}/Podfile.lock",
				"${PODS_ROOT}/Manifest.lock",
			);
			name = "[CP] Check Pods Manifest.lock";
			outputFileListPaths = (
			);
			outputPaths = (
				"$(DERIVED_FILE_DIR)/Pods-CatsFacts-checkManifestLockResult.txt",
			);
			runOnlyForDeploymentPostprocessing = 0;
			shellPath = /bin/sh;
			shellScript = "diff \"${PODS_PODFILE_DIR_PATH}/Podfile.lock\" \"${PODS_ROOT}/Manifest.lock\" > /dev/null\nif [ $? != 0 ] ; then\n    # print error to STDERR\n    echo \"error: The sandbox is not in sync with the Podfile.lock. Run 'pod install' or update your CocoaPods installation.\" >&2\n    exit 1\nfi\n# This output is used by Xcode 'outputs' to avoid re-running this script phase.\necho \"SUCCESS\" > \"${SCRIPT_OUTPUT_FILE_0}\"\n";
			showEnvVarsInLog = 0;
		};
/* End PBXShellScriptBuildPhase section */

/* Begin PBXSourcesBuildPhase section */
		AE85C84225D597080032D653 /* Sources */ = {
			isa = PBXSourcesBuildPhase;
			buildActionMask = 2147483647;
			files = (
				AE85C88125D5971F0032D653 /* View.swift in Sources */,
				AE85C84A25D597080032D653 /* AppDelegate.swift in Sources */,
				AEB611A325D5DB24004D1E13 /* DataParser.swift in Sources */,
				AE85C8A025D598460032D653 /* HomeInteractor.swift in Sources */,
				AE74DB9525D5D56600DE094E /* CoreNetwork.swift in Sources */,
				AE74DB9D25D5D59E00DE094E /* ResponseModel.swift in Sources */,
				AE35D3C525D68C570072E121 /* CoreDataStack.swift in Sources */,
				AE74DB8F25D5D51600DE094E /* App.swift in Sources */,
				AE85C84C25D597080032D653 /* SceneDelegate.swift in Sources */,
				AEB611CF25D5E4F9004D1E13 /* ImageURLResponseModel.swift in Sources */,
				AE74DBA225D5D5A500DE094E /* RequestModel.swift in Sources */,
				AE74DB8925D5D4CD00DE094E /* NetworkService.swift in Sources */,
				AE85C88B25D597330032D653 /* Router.swift in Sources */,
				AEB611AA25D5E066004D1E13 /* ImageDownloadService.swift in Sources */,
				AE85C89625D597D10032D653 /* HomeView.swift in Sources */,
				AE76FB1025D5C65300F62A96 /* FactsDataSource.swift in Sources */,
				AE35D37B25D68B350072E121 /* CatsFactsDataModel.xcdatamodeld in Sources */,
				AE35D3E625D6A3700072E121 /* DataDownloader.swift in Sources */,
				AE76FAE925D5A5AC00F62A96 /* FactsRouter.swift in Sources */,
				AE35D3EB25D6A3DC0072E121 /* FactResponseModel.swift in Sources */,
				AEB611B925D5E16E004D1E13 /* PendingDownloadOperations.swift in Sources */,
				AEB611C125D5E201004D1E13 /* ImageDownloader.swift in Sources */,
				AE1952F325D6C2B800924B0F /* DialogModel.swift in Sources */,
				AE35D3D525D68D880072E121 /* Fact+CoreDataClass.swift in Sources */,
				AE5FCD9525D5C80F00FF06D3 /* FactCellModel.swift in Sources */,
				AE35D40825D6A9F90072E121 /* UIImage+Compress.swift in Sources */,
				AE76FB0325D5A9E400F62A96 /* FactCell.swift in Sources */,
				AE85C89B25D598070032D653 /* HomePresenter.swift in Sources */,
				AE74DBA725D5D7A000DE094E /* NetworkRouter.swift in Sources */,
				AE76FADA25D5A59900F62A96 /* FactsView.swift in Sources */,
				AE85C89025D5973C0032D653 /* Interactor.swift in Sources */,
				AE35D3DF25D6919D0072E121 /* DataBase.swift in Sources */,
				AE76FADF25D5A59E00F62A96 /* FactsPresenter.swift in Sources */,
				AE1952EE25D6C20300924B0F /* DialogViewController.swift in Sources */,
				AE85C88625D597260032D653 /* Presenter.swift in Sources */,
				AE76FAE425D5A5A600F62A96 /* FactsInteractor.swift in Sources */,
				AE85C8A525D5985B0032D653 /* HomeRouter.swift in Sources */,
			);
			runOnlyForDeploymentPostprocessing = 0;
		};
		AE85C85825D5970B0032D653 /* Sources */ = {
			isa = PBXSourcesBuildPhase;
			buildActionMask = 2147483647;
			files = (
				AE85C86125D5970B0032D653 /* CatsFactsTests.swift in Sources */,
			);
			runOnlyForDeploymentPostprocessing = 0;
		};
		AE85C86325D5970B0032D653 /* Sources */ = {
			isa = PBXSourcesBuildPhase;
			buildActionMask = 2147483647;
			files = (
				AE85C86C25D5970B0032D653 /* CatsFactsUITests.swift in Sources */,
			);
			runOnlyForDeploymentPostprocessing = 0;
		};
/* End PBXSourcesBuildPhase section */

/* Begin PBXTargetDependency section */
		AE85C85E25D5970B0032D653 /* PBXTargetDependency */ = {
			isa = PBXTargetDependency;
			target = AE85C84525D597080032D653 /* CatsFacts */;
			targetProxy = AE85C85D25D5970B0032D653 /* PBXContainerItemProxy */;
		};
		AE85C86925D5970B0032D653 /* PBXTargetDependency */ = {
			isa = PBXTargetDependency;
			target = AE85C84525D597080032D653 /* CatsFacts */;
			targetProxy = AE85C86825D5970B0032D653 /* PBXContainerItemProxy */;
		};
/* End PBXTargetDependency section */

/* Begin PBXVariantGroup section */
		AE85C84F25D597080032D653 /* Main.storyboard */ = {
			isa = PBXVariantGroup;
			children = (
				AE85C85025D597080032D653 /* Base */,
			);
			name = Main.storyboard;
			sourceTree = "<group>";
		};
		AE85C85425D5970B0032D653 /* LaunchScreen.storyboard */ = {
			isa = PBXVariantGroup;
			children = (
				AE85C85525D5970B0032D653 /* Base */,
			);
			name = LaunchScreen.storyboard;
			sourceTree = "<group>";
		};
/* End PBXVariantGroup section */

/* Begin XCBuildConfiguration section */
		AE85C86E25D5970B0032D653 /* Debug */ = {
			isa = XCBuildConfiguration;
			buildSettings = {
				ALWAYS_SEARCH_USER_PATHS = NO;
				CLANG_ANALYZER_NONNULL = YES;
				CLANG_ANALYZER_NUMBER_OBJECT_CONVERSION = YES_AGGRESSIVE;
				CLANG_CXX_LANGUAGE_STANDARD = "gnu++14";
				CLANG_CXX_LIBRARY = "libc++";
				CLANG_ENABLE_MODULES = YES;
				CLANG_ENABLE_OBJC_ARC = YES;
				CLANG_ENABLE_OBJC_WEAK = YES;
				CLANG_WARN_BLOCK_CAPTURE_AUTORELEASING = YES;
				CLANG_WARN_BOOL_CONVERSION = YES;
				CLANG_WARN_COMMA = YES;
				CLANG_WARN_CONSTANT_CONVERSION = YES;
				CLANG_WARN_DEPRECATED_OBJC_IMPLEMENTATIONS = YES;
				CLANG_WARN_DIRECT_OBJC_ISA_USAGE = YES_ERROR;
				CLANG_WARN_DOCUMENTATION_COMMENTS = YES;
				CLANG_WARN_EMPTY_BODY = YES;
				CLANG_WARN_ENUM_CONVERSION = YES;
				CLANG_WARN_INFINITE_RECURSION = YES;
				CLANG_WARN_INT_CONVERSION = YES;
				CLANG_WARN_NON_LITERAL_NULL_CONVERSION = YES;
				CLANG_WARN_OBJC_IMPLICIT_RETAIN_SELF = YES;
				CLANG_WARN_OBJC_LITERAL_CONVERSION = YES;
				CLANG_WARN_OBJC_ROOT_CLASS = YES_ERROR;
				CLANG_WARN_QUOTED_INCLUDE_IN_FRAMEWORK_HEADER = YES;
				CLANG_WARN_RANGE_LOOP_ANALYSIS = YES;
				CLANG_WARN_STRICT_PROTOTYPES = YES;
				CLANG_WARN_SUSPICIOUS_MOVE = YES;
				CLANG_WARN_UNGUARDED_AVAILABILITY = YES_AGGRESSIVE;
				CLANG_WARN_UNREACHABLE_CODE = YES;
				CLANG_WARN__DUPLICATE_METHOD_MATCH = YES;
				COPY_PHASE_STRIP = NO;
				DEBUG_INFORMATION_FORMAT = dwarf;
				ENABLE_STRICT_OBJC_MSGSEND = YES;
				ENABLE_TESTABILITY = YES;
				GCC_C_LANGUAGE_STANDARD = gnu11;
				GCC_DYNAMIC_NO_PIC = NO;
				GCC_NO_COMMON_BLOCKS = YES;
				GCC_OPTIMIZATION_LEVEL = 0;
				GCC_PREPROCESSOR_DEFINITIONS = (
					"DEBUG=1",
					"$(inherited)",
				);
				GCC_WARN_64_TO_32_BIT_CONVERSION = YES;
				GCC_WARN_ABOUT_RETURN_TYPE = YES_ERROR;
				GCC_WARN_UNDECLARED_SELECTOR = YES;
				GCC_WARN_UNINITIALIZED_AUTOS = YES_AGGRESSIVE;
				GCC_WARN_UNUSED_FUNCTION = YES;
				GCC_WARN_UNUSED_VARIABLE = YES;
				IPHONEOS_DEPLOYMENT_TARGET = 14.2;
				MTL_ENABLE_DEBUG_INFO = INCLUDE_SOURCE;
				MTL_FAST_MATH = YES;
				ONLY_ACTIVE_ARCH = YES;
				SDKROOT = iphoneos;
				SWIFT_ACTIVE_COMPILATION_CONDITIONS = DEBUG;
				SWIFT_OPTIMIZATION_LEVEL = "-Onone";
			};
			name = Debug;
		};
		AE85C86F25D5970B0032D653 /* Release */ = {
			isa = XCBuildConfiguration;
			buildSettings = {
				ALWAYS_SEARCH_USER_PATHS = NO;
				CLANG_ANALYZER_NONNULL = YES;
				CLANG_ANALYZER_NUMBER_OBJECT_CONVERSION = YES_AGGRESSIVE;
				CLANG_CXX_LANGUAGE_STANDARD = "gnu++14";
				CLANG_CXX_LIBRARY = "libc++";
				CLANG_ENABLE_MODULES = YES;
				CLANG_ENABLE_OBJC_ARC = YES;
				CLANG_ENABLE_OBJC_WEAK = YES;
				CLANG_WARN_BLOCK_CAPTURE_AUTORELEASING = YES;
				CLANG_WARN_BOOL_CONVERSION = YES;
				CLANG_WARN_COMMA = YES;
				CLANG_WARN_CONSTANT_CONVERSION = YES;
				CLANG_WARN_DEPRECATED_OBJC_IMPLEMENTATIONS = YES;
				CLANG_WARN_DIRECT_OBJC_ISA_USAGE = YES_ERROR;
				CLANG_WARN_DOCUMENTATION_COMMENTS = YES;
				CLANG_WARN_EMPTY_BODY = YES;
				CLANG_WARN_ENUM_CONVERSION = YES;
				CLANG_WARN_INFINITE_RECURSION = YES;
				CLANG_WARN_INT_CONVERSION = YES;
				CLANG_WARN_NON_LITERAL_NULL_CONVERSION = YES;
				CLANG_WARN_OBJC_IMPLICIT_RETAIN_SELF = YES;
				CLANG_WARN_OBJC_LITERAL_CONVERSION = YES;
				CLANG_WARN_OBJC_ROOT_CLASS = YES_ERROR;
				CLANG_WARN_QUOTED_INCLUDE_IN_FRAMEWORK_HEADER = YES;
				CLANG_WARN_RANGE_LOOP_ANALYSIS = YES;
				CLANG_WARN_STRICT_PROTOTYPES = YES;
				CLANG_WARN_SUSPICIOUS_MOVE = YES;
				CLANG_WARN_UNGUARDED_AVAILABILITY = YES_AGGRESSIVE;
				CLANG_WARN_UNREACHABLE_CODE = YES;
				CLANG_WARN__DUPLICATE_METHOD_MATCH = YES;
				COPY_PHASE_STRIP = NO;
				DEBUG_INFORMATION_FORMAT = "dwarf-with-dsym";
				ENABLE_NS_ASSERTIONS = NO;
				ENABLE_STRICT_OBJC_MSGSEND = YES;
				GCC_C_LANGUAGE_STANDARD = gnu11;
				GCC_NO_COMMON_BLOCKS = YES;
				GCC_WARN_64_TO_32_BIT_CONVERSION = YES;
				GCC_WARN_ABOUT_RETURN_TYPE = YES_ERROR;
				GCC_WARN_UNDECLARED_SELECTOR = YES;
				GCC_WARN_UNINITIALIZED_AUTOS = YES_AGGRESSIVE;
				GCC_WARN_UNUSED_FUNCTION = YES;
				GCC_WARN_UNUSED_VARIABLE = YES;
				IPHONEOS_DEPLOYMENT_TARGET = 14.2;
				MTL_ENABLE_DEBUG_INFO = NO;
				MTL_FAST_MATH = YES;
				SDKROOT = iphoneos;
				SWIFT_COMPILATION_MODE = wholemodule;
				SWIFT_OPTIMIZATION_LEVEL = "-O";
				VALIDATE_PRODUCT = YES;
			};
			name = Release;
		};
		AE85C87125D5970B0032D653 /* Debug */ = {
			isa = XCBuildConfiguration;
			baseConfigurationReference = 4C72377C0230DD0D29813727 /* Pods-CatsFacts.debug.xcconfig */;
			buildSettings = {
				ASSETCATALOG_COMPILER_APPICON_NAME = AppIcon;
				ASSETCATALOG_COMPILER_GLOBAL_ACCENT_COLOR_NAME = AccentColor;
				CODE_SIGN_STYLE = Automatic;
				DEVELOPMENT_TEAM = 9G328PKLS2;
				INFOPLIST_FILE = CatsFacts/Info.plist;
				LD_RUNPATH_SEARCH_PATHS = (
					"$(inherited)",
					"@executable_path/Frameworks",
				);
				PRODUCT_BUNDLE_IDENTIFIER = st.CatsFacts;
				PRODUCT_NAME = "$(TARGET_NAME)";
				SWIFT_VERSION = 5.0;
				TARGETED_DEVICE_FAMILY = "1,2";
			};
			name = Debug;
		};
		AE85C87225D5970B0032D653 /* Release */ = {
			isa = XCBuildConfiguration;
			baseConfigurationReference = E6549EFCE0E172F4E986963B /* Pods-CatsFacts.release.xcconfig */;
			buildSettings = {
				ASSETCATALOG_COMPILER_APPICON_NAME = AppIcon;
				ASSETCATALOG_COMPILER_GLOBAL_ACCENT_COLOR_NAME = AccentColor;
				CODE_SIGN_STYLE = Automatic;
				DEVELOPMENT_TEAM = 9G328PKLS2;
				INFOPLIST_FILE = CatsFacts/Info.plist;
				LD_RUNPATH_SEARCH_PATHS = (
					"$(inherited)",
					"@executable_path/Frameworks",
				);
				PRODUCT_BUNDLE_IDENTIFIER = st.CatsFacts;
				PRODUCT_NAME = "$(TARGET_NAME)";
				SWIFT_VERSION = 5.0;
				TARGETED_DEVICE_FAMILY = "1,2";
			};
			name = Release;
		};
		AE85C87425D5970B0032D653 /* Debug */ = {
			isa = XCBuildConfiguration;
			baseConfigurationReference = 32DCE7FCFF83AA9284FE7E4C /* Pods-CatsFactsTests.debug.xcconfig */;
			buildSettings = {
				ALWAYS_EMBED_SWIFT_STANDARD_LIBRARIES = YES;
				BUNDLE_LOADER = "$(TEST_HOST)";
				CODE_SIGN_STYLE = Automatic;
				DEVELOPMENT_TEAM = 9G328PKLS2;
				INFOPLIST_FILE = CatsFactsTests/Info.plist;
				IPHONEOS_DEPLOYMENT_TARGET = 14.2;
				LD_RUNPATH_SEARCH_PATHS = (
					"$(inherited)",
					"@executable_path/Frameworks",
					"@loader_path/Frameworks",
				);
				PRODUCT_BUNDLE_IDENTIFIER = st.CatsFactsTests;
				PRODUCT_NAME = "$(TARGET_NAME)";
				SWIFT_VERSION = 5.0;
				TARGETED_DEVICE_FAMILY = "1,2";
				TEST_HOST = "$(BUILT_PRODUCTS_DIR)/CatsFacts.app/CatsFacts";
			};
			name = Debug;
		};
		AE85C87525D5970B0032D653 /* Release */ = {
			isa = XCBuildConfiguration;
			baseConfigurationReference = C810BDA780A1127A5E3DA931 /* Pods-CatsFactsTests.release.xcconfig */;
			buildSettings = {
				ALWAYS_EMBED_SWIFT_STANDARD_LIBRARIES = YES;
				BUNDLE_LOADER = "$(TEST_HOST)";
				CODE_SIGN_STYLE = Automatic;
				DEVELOPMENT_TEAM = 9G328PKLS2;
				INFOPLIST_FILE = CatsFactsTests/Info.plist;
				IPHONEOS_DEPLOYMENT_TARGET = 14.2;
				LD_RUNPATH_SEARCH_PATHS = (
					"$(inherited)",
					"@executable_path/Frameworks",
					"@loader_path/Frameworks",
				);
				PRODUCT_BUNDLE_IDENTIFIER = st.CatsFactsTests;
				PRODUCT_NAME = "$(TARGET_NAME)";
				SWIFT_VERSION = 5.0;
				TARGETED_DEVICE_FAMILY = "1,2";
				TEST_HOST = "$(BUILT_PRODUCTS_DIR)/CatsFacts.app/CatsFacts";
			};
			name = Release;
		};
		AE85C87725D5970B0032D653 /* Debug */ = {
			isa = XCBuildConfiguration;
			baseConfigurationReference = 2D29C8B48170C1A3834FEE3F /* Pods-CatsFacts-CatsFactsUITests.debug.xcconfig */;
			buildSettings = {
				ALWAYS_EMBED_SWIFT_STANDARD_LIBRARIES = YES;
				CODE_SIGN_STYLE = Automatic;
				DEVELOPMENT_TEAM = 9G328PKLS2;
				INFOPLIST_FILE = CatsFactsUITests/Info.plist;
				LD_RUNPATH_SEARCH_PATHS = (
					"$(inherited)",
					"@executable_path/Frameworks",
					"@loader_path/Frameworks",
				);
				PRODUCT_BUNDLE_IDENTIFIER = st.CatsFactsUITests;
				PRODUCT_NAME = "$(TARGET_NAME)";
				SWIFT_VERSION = 5.0;
				TARGETED_DEVICE_FAMILY = "1,2";
				TEST_TARGET_NAME = CatsFacts;
			};
			name = Debug;
		};
		AE85C87825D5970B0032D653 /* Release */ = {
			isa = XCBuildConfiguration;
			baseConfigurationReference = 0B93A102E472420FB521D0CE /* Pods-CatsFacts-CatsFactsUITests.release.xcconfig */;
			buildSettings = {
				ALWAYS_EMBED_SWIFT_STANDARD_LIBRARIES = YES;
				CODE_SIGN_STYLE = Automatic;
				DEVELOPMENT_TEAM = 9G328PKLS2;
				INFOPLIST_FILE = CatsFactsUITests/Info.plist;
				LD_RUNPATH_SEARCH_PATHS = (
					"$(inherited)",
					"@executable_path/Frameworks",
					"@loader_path/Frameworks",
				);
				PRODUCT_BUNDLE_IDENTIFIER = st.CatsFactsUITests;
				PRODUCT_NAME = "$(TARGET_NAME)";
				SWIFT_VERSION = 5.0;
				TARGETED_DEVICE_FAMILY = "1,2";
				TEST_TARGET_NAME = CatsFacts;
			};
			name = Release;
		};
/* End XCBuildConfiguration section */

/* Begin XCConfigurationList section */
		AE85C84125D597080032D653 /* Build configuration list for PBXProject "CatsFacts" */ = {
			isa = XCConfigurationList;
			buildConfigurations = (
				AE85C86E25D5970B0032D653 /* Debug */,
				AE85C86F25D5970B0032D653 /* Release */,
			);
			defaultConfigurationIsVisible = 0;
			defaultConfigurationName = Release;
		};
		AE85C87025D5970B0032D653 /* Build configuration list for PBXNativeTarget "CatsFacts" */ = {
			isa = XCConfigurationList;
			buildConfigurations = (
				AE85C87125D5970B0032D653 /* Debug */,
				AE85C87225D5970B0032D653 /* Release */,
			);
			defaultConfigurationIsVisible = 0;
			defaultConfigurationName = Release;
		};
		AE85C87325D5970B0032D653 /* Build configuration list for PBXNativeTarget "CatsFactsTests" */ = {
			isa = XCConfigurationList;
			buildConfigurations = (
				AE85C87425D5970B0032D653 /* Debug */,
				AE85C87525D5970B0032D653 /* Release */,
			);
			defaultConfigurationIsVisible = 0;
			defaultConfigurationName = Release;
		};
		AE85C87625D5970B0032D653 /* Build configuration list for PBXNativeTarget "CatsFactsUITests" */ = {
			isa = XCConfigurationList;
			buildConfigurations = (
				AE85C87725D5970B0032D653 /* Debug */,
				AE85C87825D5970B0032D653 /* Release */,
			);
			defaultConfigurationIsVisible = 0;
			defaultConfigurationName = Release;
		};
/* End XCConfigurationList section */

/* Begin XCVersionGroup section */
		AE35D37925D68B350072E121 /* CatsFactsDataModel.xcdatamodeld */ = {
			isa = XCVersionGroup;
			children = (
				AE35D37A25D68B350072E121 /* CatsFactsDataModel.xcdatamodel */,
			);
			currentVersion = AE35D37A25D68B350072E121 /* CatsFactsDataModel.xcdatamodel */;
			path = CatsFactsDataModel.xcdatamodeld;
			sourceTree = "<group>";
			versionGroupType = wrapper.xcdatamodel;
		};
/* End XCVersionGroup section */
	};
	rootObject = AE85C83E25D597080032D653 /* Project object */;
}
